
Microsoft Visual Studio Solution File, Format Version 12.00
# Visual Studio Version 17
VisualStudioVersion = 17.5.33530.505
MinimumVisualStudioVersion = 10.0.40219.1
Project("{FAE04EC0-301F-11D3-BF4B-00C04F79EFBC}") = "CrawlerLibrary", "CrawlerLibrary\CrawlerLibrary.csproj", "{320C0511-7C2C-4F8F-B0E4-139648742268}"
EndProject
Project("{FAE04EC0-301F-11D3-BF4B-00C04F79EFBC}") = "CrawlerClient", "CrawlerClient\CrawlerClient.csproj", "{870DB802-5BB2-4BA7-A837-67129756CE9C}"
EndProject
Global
	GlobalSection(SolutionConfigurationPlatforms) = preSolution
		Debug|Any CPU = Debug|Any CPU
		Release|Any CPU = Release|Any CPU
	EndGlobalSection
	GlobalSection(ProjectConfigurationPlatforms) = postSolution
		{320C0511-7C2C-4F8F-B0E4-139648742268}.Debug|Any CPU.ActiveCfg = Debug|Any CPU
		{320C0511-7C2C-4F8F-B0E4-139648742268}.Debug|Any CPU.Build.0 = Debug|Any CPU
		{320C0511-7C2C-4F8F-B0E4-139648742268}.Release|Any CPU.ActiveCfg = Release|Any CPU
		{320C0511-7C2C-4F8F-B0E4-139648742268}.Release|Any CPU.Build.0 = Release|Any CPU
		{870DB802-5BB2-4BA7-A837-67129756CE9C}.Debug|Any CPU.ActiveCfg = Debug|Any CPU
		{870DB802-5BB2-4BA7-A837-67129756CE9C}.Debug|Any CPU.Build.0 = Debug|Any CPU
		{870DB802-5BB2-4BA7-A837-67129756CE9C}.Release|Any CPU.ActiveCfg = Release|Any CPU
		{870DB802-5BB2-4BA7-A837-67129756CE9C}.Release|Any CPU.Build.0 = Release|Any CPU
	EndGlobalSection
	GlobalSection(SolutionProperties) = preSolution
		HideSolutionNode = FALSE
	EndGlobalSection
	GlobalSection(ExtensibilityGlobals) = postSolution
		SolutionGuid = {0975DBE1-2A7A-426D-BCA7-56F67224A62A}
	EndGlobalSection
EndGlobal
